// !$*UTF8*$!
{
	archiveVersion = 1;
	classes = {
	};
	objectVersion = 46;
	objects = {

/* Begin PBXBuildFile section */
		040FDDC71D4E3824001B1B6C /* main.m in Sources */ = {isa = PBXBuildFile; fileRef = 040FDDC61D4E3824001B1B6C /* main.m */; };
		040FDDCA1D4E3824001B1B6C /* AppDelegate.m in Sources */ = {isa = PBXBuildFile; fileRef = 040FDDC91D4E3824001B1B6C /* AppDelegate.m */; };
		040FDDCD1D4E3824001B1B6C /* ViewController.m in Sources */ = {isa = PBXBuildFile; fileRef = 040FDDCC1D4E3824001B1B6C /* ViewController.m */; };
		040FDDD01D4E3824001B1B6C /* Main.storyboard in Resources */ = {isa = PBXBuildFile; fileRef = 040FDDCE1D4E3824001B1B6C /* Main.storyboard */; };
		040FDDD31D4E3824001B1B6C /* YIshangReBuilt.xcdatamodeld in Sources */ = {isa = PBXBuildFile; fileRef = 040FDDD11D4E3824001B1B6C /* YIshangReBuilt.xcdatamodeld */; };
		040FDDD81D4E3824001B1B6C /* LaunchScreen.storyboard in Resources */ = {isa = PBXBuildFile; fileRef = 040FDDD61D4E3824001B1B6C /* LaunchScreen.storyboard */; };
		040FDDE31D4E3824001B1B6C /* YIshangReBuiltTests.m in Sources */ = {isa = PBXBuildFile; fileRef = 040FDDE21D4E3824001B1B6C /* YIshangReBuiltTests.m */; };
		040FDDEE1D4E3824001B1B6C /* YIshangReBuiltUITests.m in Sources */ = {isa = PBXBuildFile; fileRef = 040FDDED1D4E3824001B1B6C /* YIshangReBuiltUITests.m */; };
		040FDE0A1D4E3BD7001B1B6C /* UIView+Frame.m in Sources */ = {isa = PBXBuildFile; fileRef = 040FDE091D4E3BD7001B1B6C /* UIView+Frame.m */; };
		04222B521D64613800AF7CB4 /* 456.png in Resources */ = {isa = PBXBuildFile; fileRef = 04222B391D64613800AF7CB4 /* 456.png */; };
		04222B531D64613800AF7CB4 /* Cart.png in Resources */ = {isa = PBXBuildFile; fileRef = 04222B3A1D64613800AF7CB4 /* Cart.png */; };
		04222B541D64613800AF7CB4 /* CartSele.png in Resources */ = {isa = PBXBuildFile; fileRef = 04222B3B1D64613800AF7CB4 /* CartSele.png */; };
		04222B551D64613800AF7CB4 /* Home.png in Resources */ = {isa = PBXBuildFile; fileRef = 04222B3C1D64613800AF7CB4 /* Home.png */; };
		04222B561D64613800AF7CB4 /* homes.png in Resources */ = {isa = PBXBuildFile; fileRef = 04222B3D1D64613800AF7CB4 /* homes.png */; };
		04222B571D64613800AF7CB4 /* HomeSele.png in Resources */ = {isa = PBXBuildFile; fileRef = 04222B3E1D64613800AF7CB4 /* HomeSele.png */; };
		04222B581D64613800AF7CB4 /* icon_06.png in Resources */ = {isa = PBXBuildFile; fileRef = 04222B3F1D64613800AF7CB4 /* icon_06.png */; };
		04222B591D64613800AF7CB4 /* icon_invite_kongjian.png in Resources */ = {isa = PBXBuildFile; fileRef = 04222B401D64613800AF7CB4 /* icon_invite_kongjian.png */; };
		04222B5A1D64613800AF7CB4 /* icon_invite_pengyou.png in Resources */ = {isa = PBXBuildFile; fileRef = 04222B411D64613800AF7CB4 /* icon_invite_pengyou.png */; };
		04222B5B1D64613800AF7CB4 /* icon_invite_qq.png in Resources */ = {isa = PBXBuildFile; fileRef = 04222B421D64613800AF7CB4 /* icon_invite_qq.png */; };
		04222B5C1D64613800AF7CB4 /* icon_invite_shouji.png in Resources */ = {isa = PBXBuildFile; fileRef = 04222B431D64613800AF7CB4 /* icon_invite_shouji.png */; };
		04222B5D1D64613800AF7CB4 /* icon_invite_weixin.png in Resources */ = {isa = PBXBuildFile; fileRef = 04222B441D64613800AF7CB4 /* icon_invite_weixin.png */; };
		04222B5E1D64613800AF7CB4 /* Mem.png in Resources */ = {isa = PBXBuildFile; fileRef = 04222B451D64613800AF7CB4 /* Mem.png */; };
		04222B5F1D64613800AF7CB4 /* MemSele.png in Resources */ = {isa = PBXBuildFile; fileRef = 04222B461D64613800AF7CB4 /* MemSele.png */; };
		04222B601D64613800AF7CB4 /* Pink.png in Resources */ = {isa = PBXBuildFile; fileRef = 04222B471D64613800AF7CB4 /* Pink.png */; };
		04222B611D64613800AF7CB4 /* PinkSele.png in Resources */ = {isa = PBXBuildFile; fileRef = 04222B481D64613800AF7CB4 /* PinkSele.png */; };
		04222B621D64613800AF7CB4 /* return.png in Resources */ = {isa = PBXBuildFile; fileRef = 04222B491D64613800AF7CB4 /* return.png */; };
		04222B631D64613800AF7CB4 /* return2.png in Resources */ = {isa = PBXBuildFile; fileRef = 04222B4A1D64613800AF7CB4 /* return2.png */; };
		04222B651D64613800AF7CB4 /* Info.png in Resources */ = {isa = PBXBuildFile; fileRef = 04222B4D1D64613800AF7CB4 /* Info.png */; };
		04222B661D64613800AF7CB4 /* More.png in Resources */ = {isa = PBXBuildFile; fileRef = 04222B4E1D64613800AF7CB4 /* More.png */; };
		04222B671D64613800AF7CB4 /* Share.png in Resources */ = {isa = PBXBuildFile; fileRef = 04222B4F1D64613800AF7CB4 /* Share.png */; };
		04222B681D64613800AF7CB4 /* share.png in Resources */ = {isa = PBXBuildFile; fileRef = 04222B501D64613800AF7CB4 /* share.png */; };
		04222B691D64613800AF7CB4 /* Yishang.png in Resources */ = {isa = PBXBuildFile; fileRef = 04222B511D64613800AF7CB4 /* Yishang.png */; };
		04222B751D6461FD00AF7CB4 /* JudgeLogView.m in Sources */ = {isa = PBXBuildFile; fileRef = 04222B6C1D6461FD00AF7CB4 /* JudgeLogView.m */; };
		04222B761D6461FD00AF7CB4 /* QQAndWx.xib in Resources */ = {isa = PBXBuildFile; fileRef = 04222B6D1D6461FD00AF7CB4 /* QQAndWx.xib */; };
		04222B771D6461FD00AF7CB4 /* QQCover.m in Sources */ = {isa = PBXBuildFile; fileRef = 04222B6F1D6461FD00AF7CB4 /* QQCover.m */; };
		04222B781D6461FD00AF7CB4 /* QQCover.xib in Resources */ = {isa = PBXBuildFile; fileRef = 04222B701D6461FD00AF7CB4 /* QQCover.xib */; };
		04222B791D6461FD00AF7CB4 /* SeleObjView.m in Sources */ = {isa = PBXBuildFile; fileRef = 04222B721D6461FD00AF7CB4 /* SeleObjView.m */; };
		04222B7A1D6461FD00AF7CB4 /* SeleObjView.xib in Resources */ = {isa = PBXBuildFile; fileRef = 04222B731D6461FD00AF7CB4 /* SeleObjView.xib */; };
		04222B7B1D6461FD00AF7CB4 /* WxCover.xib in Resources */ = {isa = PBXBuildFile; fileRef = 04222B741D6461FD00AF7CB4 /* WxCover.xib */; };
		04222BAE1D65532A00AF7CB4 /* libicucore.tbd in Frameworks */ = {isa = PBXBuildFile; fileRef = 04222BAD1D65532A00AF7CB4 /* libicucore.tbd */; };
		04222BB01D65533700AF7CB4 /* libz.tbd in Frameworks */ = {isa = PBXBuildFile; fileRef = 04222BAF1D65533700AF7CB4 /* libz.tbd */; };
		04222BB21D65534000AF7CB4 /* libstdc++.tbd in Frameworks */ = {isa = PBXBuildFile; fileRef = 04222BB11D65534000AF7CB4 /* libstdc++.tbd */; };
		04222BB41D65534700AF7CB4 /* JavaScriptCore.framework in Frameworks */ = {isa = PBXBuildFile; fileRef = 04222BB31D65534700AF7CB4 /* JavaScriptCore.framework */; };
		04222BB61D65535800AF7CB4 /* libsqlite3.tbd in Frameworks */ = {isa = PBXBuildFile; fileRef = 04222BB51D65535800AF7CB4 /* libsqlite3.tbd */; };
		04222BB91D655B5B00AF7CB4 /* 1024.png in Resources */ = {isa = PBXBuildFile; fileRef = 04222BB81D655B5B00AF7CB4 /* 1024.png */; };
		04222BBB1D65993F00AF7CB4 /* homes.png in Resources */ = {isa = PBXBuildFile; fileRef = 04222BBA1D65993F00AF7CB4 /* homes.png */; };
		044334301D6EDE24002B5341 /* MBProgressHUD.m in Sources */ = {isa = PBXBuildFile; fileRef = 0443342C1D6EDE24002B5341 /* MBProgressHUD.m */; };
		044334311D6EDE24002B5341 /* viewPro.m in Sources */ = {isa = PBXBuildFile; fileRef = 0443342E1D6EDE24002B5341 /* viewPro.m */; };
		044334321D6EDE24002B5341 /* viewPro.xib in Resources */ = {isa = PBXBuildFile; fileRef = 0443342F1D6EDE24002B5341 /* viewPro.xib */; };
		045F2DDD1D6B05FE0010FD6E /* Security.framework in Frameworks */ = {isa = PBXBuildFile; fileRef = 045F2DDC1D6B05FE0010FD6E /* Security.framework */; };
		045F2DDF1D6B060A0010FD6E /* libiconv.tbd in Frameworks */ = {isa = PBXBuildFile; fileRef = 045F2DDE1D6B060A0010FD6E /* libiconv.tbd */; };
		045F2DE11D6B06100010FD6E /* SystemConfiguration.framework in Frameworks */ = {isa = PBXBuildFile; fileRef = 045F2DE01D6B06100010FD6E /* SystemConfiguration.framework */; };
		045F2DE31D6B06180010FD6E /* CoreGraphics.framework in Frameworks */ = {isa = PBXBuildFile; fileRef = 045F2DE21D6B06180010FD6E /* CoreGraphics.framework */; };
		045F2FEC1D6B129C0010FD6E /* WXApiManager.m in Sources */ = {isa = PBXBuildFile; fileRef = 045F2FEB1D6B129C0010FD6E /* WXApiManager.m */; };
		045F2FF01D6B140F0010FD6E /* NSURLRequest+WithString.m in Sources */ = {isa = PBXBuildFile; fileRef = 045F2FEF1D6B140F0010FD6E /* NSURLRequest+WithString.m */; };
		045F2FF21D6B2C0F0010FD6E /* libsqlite3.0.tbd in Frameworks */ = {isa = PBXBuildFile; fileRef = 045F2FF11D6B2C0F0010FD6E /* libsqlite3.0.tbd */; };
		045F307B1D6BD78E0010FD6E /* Assets.xcassets in Resources */ = {isa = PBXBuildFile; fileRef = 045F307A1D6BD78E0010FD6E /* Assets.xcassets */; };
		04678A2A1D74088D00E83EB5 /* SharePan.m in Sources */ = {isa = PBXBuildFile; fileRef = 04678A291D74088D00E83EB5 /* SharePan.m */; };
		04678A2D1D7409A200E83EB5 /* UIImage+Original.m in Sources */ = {isa = PBXBuildFile; fileRef = 04678A2C1D7409A200E83EB5 /* UIImage+Original.m */; };
		04B26CEC1D71399800F35654 /* CFNetwork.framework in Frameworks */ = {isa = PBXBuildFile; fileRef = 04B26CEB1D71399800F35654 /* CFNetwork.framework */; };
		04B26CEE1D7139A000F35654 /* CoreFoundation.framework in Frameworks */ = {isa = PBXBuildFile; fileRef = 04B26CED1D7139A000F35654 /* CoreFoundation.framework */; };
		04B26CF01D7139A800F35654 /* CoreTelephony.framework in Frameworks */ = {isa = PBXBuildFile; fileRef = 04B26CEF1D7139A800F35654 /* CoreTelephony.framework */; };
		04B26CF21D7139C900F35654 /* Foundation.framework in Frameworks */ = {isa = PBXBuildFile; fileRef = 04B26CF11D7139C900F35654 /* Foundation.framework */; };
		04B26CF41D7139CF00F35654 /* UIKit.framework in Frameworks */ = {isa = PBXBuildFile; fileRef = 04B26CF31D7139CF00F35654 /* UIKit.framework */; };
		04B26CFE1D713F0300F35654 /* jpush-ios-2.1.8.a in Frameworks */ = {isa = PBXBuildFile; fileRef = 04B26CFC1D713F0300F35654 /* jpush-ios-2.1.8.a */; };
		04B26D001D7141E200F35654 /* AdSupport.framework in Frameworks */ = {isa = PBXBuildFile; fileRef = 04B26CFF1D7141E200F35654 /* AdSupport.framework */; };
		04B26D461D73C2AA00F35654 /* ShareCustom.m in Sources */ = {isa = PBXBuildFile; fileRef = 04B26D451D73C2AA00F35654 /* ShareCustom.m */; };
		04D49CBF1D65ADB3007561A6 /* ShareSDK.framework in Frameworks */ = {isa = PBXBuildFile; fileRef = 04D49CAB1D65ADB3007561A6 /* ShareSDK.framework */; };
		04D49CC01D65ADB3007561A6 /* ShareSDKExtension.framework in Frameworks */ = {isa = PBXBuildFile; fileRef = 04D49CAE1D65ADB3007561A6 /* ShareSDKExtension.framework */; };
		04D49CC11D65ADB3007561A6 /* ShareSDKUI.bundle in Resources */ = {isa = PBXBuildFile; fileRef = 04D49CAF1D65ADB3007561A6 /* ShareSDKUI.bundle */; };
		04D49CC21D65ADB3007561A6 /* ShareSDKUI.framework in Frameworks */ = {isa = PBXBuildFile; fileRef = 04D49CB01D65ADB3007561A6 /* ShareSDKUI.framework */; };
		04D49CC31D65ADB3007561A6 /* TencentOpenAPI.framework in Frameworks */ = {isa = PBXBuildFile; fileRef = 04D49CB31D65ADB3007561A6 /* TencentOpenAPI.framework */; };
		04D49CC41D65ADB3007561A6 /* TencentOpenApi_IOS_Bundle.bundle in Resources */ = {isa = PBXBuildFile; fileRef = 04D49CB41D65ADB3007561A6 /* TencentOpenApi_IOS_Bundle.bundle */; };
		04D49CC51D65ADB3007561A6 /* libWeChatSDK.a in Frameworks */ = {isa = PBXBuildFile; fileRef = 04D49CB61D65ADB3007561A6 /* libWeChatSDK.a */; };
		04D49CC61D65ADB3007561A6 /* README.txt in Resources */ = {isa = PBXBuildFile; fileRef = 04D49CB71D65ADB3007561A6 /* README.txt */; };
		04D49CC71D65ADB3007561A6 /* MOBFoundation.framework in Frameworks */ = {isa = PBXBuildFile; fileRef = 04D49CBC1D65ADB3007561A6 /* MOBFoundation.framework */; };
		04D49CC81D65ADB3007561A6 /* ShareSDK.bundle in Resources */ = {isa = PBXBuildFile; fileRef = 04D49CBD1D65ADB3007561A6 /* ShareSDK.bundle */; };
		04D49CC91D65ADB3007561A6 /* ShareSDKConnector.framework in Frameworks */ = {isa = PBXBuildFile; fileRef = 04D49CBE1D65ADB3007561A6 /* ShareSDKConnector.framework */; };
/* End PBXBuildFile section */

/* Begin PBXContainerItemProxy section */
		040FDDDF1D4E3824001B1B6C /* PBXContainerItemProxy */ = {
			isa = PBXContainerItemProxy;
			containerPortal = 040FDDBA1D4E3823001B1B6C /* Project object */;
			proxyType = 1;
			remoteGlobalIDString = 040FDDC11D4E3824001B1B6C;
			remoteInfo = YIshangReBuilt;
		};
		040FDDEA1D4E3824001B1B6C /* PBXContainerItemProxy */ = {
			isa = PBXContainerItemProxy;
			containerPortal = 040FDDBA1D4E3823001B1B6C /* Project object */;
			proxyType = 1;
			remoteGlobalIDString = 040FDDC11D4E3824001B1B6C;
			remoteInfo = YIshangReBuilt;
		};
/* End PBXContainerItemProxy section */

/* Begin PBXFileReference section */
		040FDDC21D4E3824001B1B6C /* YIshangReBuilt.app */ = {isa = PBXFileReference; explicitFileType = wrapper.application; includeInIndex = 0; path = YIshangReBuilt.app; sourceTree = BUILT_PRODUCTS_DIR; };
		040FDDC61D4E3824001B1B6C /* main.m */ = {isa = PBXFileReference; lastKnownFileType = sourcecode.c.objc; path = main.m; sourceTree = "<group>"; };
		040FDDC81D4E3824001B1B6C /* AppDelegate.h */ = {isa = PBXFileReference; lastKnownFileType = sourcecode.c.h; name = AppDelegate.h; path = YIshangReBuilt/AppDelegate.h; sourceTree = "<group>"; };
		040FDDC91D4E3824001B1B6C /* AppDelegate.m */ = {isa = PBXFileReference; lastKnownFileType = sourcecode.c.objc; name = AppDelegate.m; path = YIshangReBuilt/AppDelegate.m; sourceTree = "<group>"; };
		040FDDCB1D4E3824001B1B6C /* ViewController.h */ = {isa = PBXFileReference; lastKnownFileType = sourcecode.c.h; name = ViewController.h; path = YIshangReBuilt/ViewController.h; sourceTree = "<group>"; };
		040FDDCC1D4E3824001B1B6C /* ViewController.m */ = {isa = PBXFileReference; lastKnownFileType = sourcecode.c.objc; name = ViewController.m; path = YIshangReBuilt/ViewController.m; sourceTree = "<group>"; };
		040FDDCF1D4E3824001B1B6C /* Base */ = {isa = PBXFileReference; lastKnownFileType = file.storyboard; name = Base; path = Base.lproj/Main.storyboard; sourceTree = "<group>"; };
		040FDDD21D4E3824001B1B6C /* YIshangReBuilt.xcdatamodel */ = {isa = PBXFileReference; lastKnownFileType = wrapper.xcdatamodel; path = YIshangReBuilt.xcdatamodel; sourceTree = "<group>"; };
		040FDDD71D4E3824001B1B6C /* Base */ = {isa = PBXFileReference; lastKnownFileType = file.storyboard; name = Base; path = Base.lproj/LaunchScreen.storyboard; sourceTree = "<group>"; };
		040FDDD91D4E3824001B1B6C /* Info.plist */ = {isa = PBXFileReference; lastKnownFileType = text.plist.xml; path = Info.plist; sourceTree = "<group>"; };
		040FDDDE1D4E3824001B1B6C /* YIshangReBuiltTests.xctest */ = {isa = PBXFileReference; explicitFileType = wrapper.cfbundle; includeInIndex = 0; path = YIshangReBuiltTests.xctest; sourceTree = BUILT_PRODUCTS_DIR; };
		040FDDE21D4E3824001B1B6C /* YIshangReBuiltTests.m */ = {isa = PBXFileReference; lastKnownFileType = sourcecode.c.objc; path = YIshangReBuiltTests.m; sourceTree = "<group>"; };
		040FDDE41D4E3824001B1B6C /* Info.plist */ = {isa = PBXFileReference; lastKnownFileType = text.plist.xml; path = Info.plist; sourceTree = "<group>"; };
		040FDDE91D4E3824001B1B6C /* YIshangReBuiltUITests.xctest */ = {isa = PBXFileReference; explicitFileType = wrapper.cfbundle; includeInIndex = 0; path = YIshangReBuiltUITests.xctest; sourceTree = BUILT_PRODUCTS_DIR; };
		040FDDED1D4E3824001B1B6C /* YIshangReBuiltUITests.m */ = {isa = PBXFileReference; lastKnownFileType = sourcecode.c.objc; path = YIshangReBuiltUITests.m; sourceTree = "<group>"; };
		040FDDEF1D4E3824001B1B6C /* Info.plist */ = {isa = PBXFileReference; lastKnownFileType = text.plist.xml; path = Info.plist; sourceTree = "<group>"; };
		040FDE081D4E3BD7001B1B6C /* UIView+Frame.h */ = {isa = PBXFileReference; fileEncoding = 4; lastKnownFileType = sourcecode.c.h; path = "UIView+Frame.h"; sourceTree = "<group>"; };
		040FDE091D4E3BD7001B1B6C /* UIView+Frame.m */ = {isa = PBXFileReference; fileEncoding = 4; lastKnownFileType = sourcecode.c.objc; path = "UIView+Frame.m"; sourceTree = "<group>"; };
		040FDE0B1D4E3C0C001B1B6C /* PrefixHeader.pch */ = {isa = PBXFileReference; lastKnownFileType = sourcecode.c.h; name = PrefixHeader.pch; path = YIshangReBuilt/PrefixHeader.pch; sourceTree = "<group>"; };
		04222B391D64613800AF7CB4 /* 456.png */ = {isa = PBXFileReference; lastKnownFileType = image.png; path = 456.png; sourceTree = "<group>"; };
		04222B3A1D64613800AF7CB4 /* Cart.png */ = {isa = PBXFileReference; lastKnownFileType = image.png; path = Cart.png; sourceTree = "<group>"; };
		04222B3B1D64613800AF7CB4 /* CartSele.png */ = {isa = PBXFileReference; lastKnownFileType = image.png; path = CartSele.png; sourceTree = "<group>"; };
		04222B3C1D64613800AF7CB4 /* Home.png */ = {isa = PBXFileReference; lastKnownFileType = image.png; path = Home.png; sourceTree = "<group>"; };
		04222B3D1D64613800AF7CB4 /* homes.png */ = {isa = PBXFileReference; lastKnownFileType = image.png; path = homes.png; sourceTree = "<group>"; };
		04222B3E1D64613800AF7CB4 /* HomeSele.png */ = {isa = PBXFileReference; lastKnownFileType = image.png; path = HomeSele.png; sourceTree = "<group>"; };
		04222B3F1D64613800AF7CB4 /* icon_06.png */ = {isa = PBXFileReference; lastKnownFileType = image.png; path = icon_06.png; sourceTree = "<group>"; };
		04222B401D64613800AF7CB4 /* icon_invite_kongjian.png */ = {isa = PBXFileReference; lastKnownFileType = image.png; path = icon_invite_kongjian.png; sourceTree = "<group>"; };
		04222B411D64613800AF7CB4 /* icon_invite_pengyou.png */ = {isa = PBXFileReference; lastKnownFileType = image.png; path = icon_invite_pengyou.png; sourceTree = "<group>"; };
		04222B421D64613800AF7CB4 /* icon_invite_qq.png */ = {isa = PBXFileReference; lastKnownFileType = image.png; path = icon_invite_qq.png; sourceTree = "<group>"; };
		04222B431D64613800AF7CB4 /* icon_invite_shouji.png */ = {isa = PBXFileReference; lastKnownFileType = image.png; path = icon_invite_shouji.png; sourceTree = "<group>"; };
		04222B441D64613800AF7CB4 /* icon_invite_weixin.png */ = {isa = PBXFileReference; lastKnownFileType = image.png; path = icon_invite_weixin.png; sourceTree = "<group>"; };
		04222B451D64613800AF7CB4 /* Mem.png */ = {isa = PBXFileReference; lastKnownFileType = image.png; path = Mem.png; sourceTree = "<group>"; };
		04222B461D64613800AF7CB4 /* MemSele.png */ = {isa = PBXFileReference; lastKnownFileType = image.png; path = MemSele.png; sourceTree = "<group>"; };
		04222B471D64613800AF7CB4 /* Pink.png */ = {isa = PBXFileReference; lastKnownFileType = image.png; path = Pink.png; sourceTree = "<group>"; };
		04222B481D64613800AF7CB4 /* PinkSele.png */ = {isa = PBXFileReference; lastKnownFileType = image.png; path = PinkSele.png; sourceTree = "<group>"; };
		04222B491D64613800AF7CB4 /* return.png */ = {isa = PBXFileReference; lastKnownFileType = image.png; path = return.png; sourceTree = "<group>"; };
		04222B4A1D64613800AF7CB4 /* return2.png */ = {isa = PBXFileReference; lastKnownFileType = image.png; path = return2.png; sourceTree = "<group>"; };
		04222B4D1D64613800AF7CB4 /* Info.png */ = {isa = PBXFileReference; lastKnownFileType = image.png; path = Info.png; sourceTree = "<group>"; };
		04222B4E1D64613800AF7CB4 /* More.png */ = {isa = PBXFileReference; lastKnownFileType = image.png; path = More.png; sourceTree = "<group>"; };
		04222B4F1D64613800AF7CB4 /* Share.png */ = {isa = PBXFileReference; lastKnownFileType = image.png; path = Share.png; sourceTree = "<group>"; };
		04222B501D64613800AF7CB4 /* share.png */ = {isa = PBXFileReference; lastKnownFileType = image.png; path = share.png; sourceTree = "<group>"; };
		04222B511D64613800AF7CB4 /* Yishang.png */ = {isa = PBXFileReference; lastKnownFileType = image.png; path = Yishang.png; sourceTree = "<group>"; };
		04222B6B1D6461FD00AF7CB4 /* JudgeLogView.h */ = {isa = PBXFileReference; fileEncoding = 4; lastKnownFileType = sourcecode.c.h; path = JudgeLogView.h; sourceTree = "<group>"; };
		04222B6C1D6461FD00AF7CB4 /* JudgeLogView.m */ = {isa = PBXFileReference; fileEncoding = 4; lastKnownFileType = sourcecode.c.objc; path = JudgeLogView.m; sourceTree = "<group>"; };
		04222B6D1D6461FD00AF7CB4 /* QQAndWx.xib */ = {isa = PBXFileReference; fileEncoding = 4; lastKnownFileType = file.xib; path = QQAndWx.xib; sourceTree = "<group>"; };
		04222B6E1D6461FD00AF7CB4 /* QQCover.h */ = {isa = PBXFileReference; fileEncoding = 4; lastKnownFileType = sourcecode.c.h; path = QQCover.h; sourceTree = "<group>"; };
		04222B6F1D6461FD00AF7CB4 /* QQCover.m */ = {isa = PBXFileReference; fileEncoding = 4; lastKnownFileType = sourcecode.c.objc; path = QQCover.m; sourceTree = "<group>"; };
		04222B701D6461FD00AF7CB4 /* QQCover.xib */ = {isa = PBXFileReference; fileEncoding = 4; lastKnownFileType = file.xib; path = QQCover.xib; sourceTree = "<group>"; };
		04222B711D6461FD00AF7CB4 /* SeleObjView.h */ = {isa = PBXFileReference; fileEncoding = 4; lastKnownFileType = sourcecode.c.h; path = SeleObjView.h; sourceTree = "<group>"; };
		04222B721D6461FD00AF7CB4 /* SeleObjView.m */ = {isa = PBXFileReference; fileEncoding = 4; lastKnownFileType = sourcecode.c.objc; path = SeleObjView.m; sourceTree = "<group>"; };
		04222B731D6461FD00AF7CB4 /* SeleObjView.xib */ = {isa = PBXFileReference; fileEncoding = 4; lastKnownFileType = file.xib; path = SeleObjView.xib; sourceTree = "<group>"; };
		04222B741D6461FD00AF7CB4 /* WxCover.xib */ = {isa = PBXFileReference; fileEncoding = 4; lastKnownFileType = file.xib; path = WxCover.xib; sourceTree = "<group>"; };
		04222BAD1D65532A00AF7CB4 /* libicucore.tbd */ = {isa = PBXFileReference; lastKnownFileType = "sourcecode.text-based-dylib-definition"; name = libicucore.tbd; path = usr/lib/libicucore.tbd; sourceTree = SDKROOT; };
		04222BAF1D65533700AF7CB4 /* libz.tbd */ = {isa = PBXFileReference; lastKnownFileType = "sourcecode.text-based-dylib-definition"; name = libz.tbd; path = usr/lib/libz.tbd; sourceTree = SDKROOT; };
		04222BB11D65534000AF7CB4 /* libstdc++.tbd */ = {isa = PBXFileReference; lastKnownFileType = "sourcecode.text-based-dylib-definition"; name = "libstdc++.tbd"; path = "usr/lib/libstdc++.tbd"; sourceTree = SDKROOT; };
		04222BB31D65534700AF7CB4 /* JavaScriptCore.framework */ = {isa = PBXFileReference; lastKnownFileType = wrapper.framework; name = JavaScriptCore.framework; path = System/Library/Frameworks/JavaScriptCore.framework; sourceTree = SDKROOT; };
		04222BB51D65535800AF7CB4 /* libsqlite3.tbd */ = {isa = PBXFileReference; lastKnownFileType = "sourcecode.text-based-dylib-definition"; name = libsqlite3.tbd; path = usr/lib/libsqlite3.tbd; sourceTree = SDKROOT; };
		04222BB81D655B5B00AF7CB4 /* 1024.png */ = {isa = PBXFileReference; lastKnownFileType = image.png; path = 1024.png; sourceTree = "<group>"; };
		04222BBA1D65993F00AF7CB4 /* homes.png */ = {isa = PBXFileReference; lastKnownFileType = image.png; path = homes.png; sourceTree = "<group>"; };
		0443342B1D6EDE24002B5341 /* MBProgressHUD.h */ = {isa = PBXFileReference; fileEncoding = 4; lastKnownFileType = sourcecode.c.h; path = MBProgressHUD.h; sourceTree = "<group>"; };
		0443342C1D6EDE24002B5341 /* MBProgressHUD.m */ = {isa = PBXFileReference; fileEncoding = 4; lastKnownFileType = sourcecode.c.objc; path = MBProgressHUD.m; sourceTree = "<group>"; };
		0443342D1D6EDE24002B5341 /* viewPro.h */ = {isa = PBXFileReference; fileEncoding = 4; lastKnownFileType = sourcecode.c.h; path = viewPro.h; sourceTree = "<group>"; };
		0443342E1D6EDE24002B5341 /* viewPro.m */ = {isa = PBXFileReference; fileEncoding = 4; lastKnownFileType = sourcecode.c.objc; path = viewPro.m; sourceTree = "<group>"; };
		0443342F1D6EDE24002B5341 /* viewPro.xib */ = {isa = PBXFileReference; fileEncoding = 4; lastKnownFileType = file.xib; path = viewPro.xib; sourceTree = "<group>"; };
		045F2DDC1D6B05FE0010FD6E /* Security.framework */ = {isa = PBXFileReference; lastKnownFileType = wrapper.framework; name = Security.framework; path = System/Library/Frameworks/Security.framework; sourceTree = SDKROOT; };
		045F2DDE1D6B060A0010FD6E /* libiconv.tbd */ = {isa = PBXFileReference; lastKnownFileType = "sourcecode.text-based-dylib-definition"; name = libiconv.tbd; path = usr/lib/libiconv.tbd; sourceTree = SDKROOT; };
		045F2DE01D6B06100010FD6E /* SystemConfiguration.framework */ = {isa = PBXFileReference; lastKnownFileType = wrapper.framework; name = SystemConfiguration.framework; path = System/Library/Frameworks/SystemConfiguration.framework; sourceTree = SDKROOT; };
		045F2DE21D6B06180010FD6E /* CoreGraphics.framework */ = {isa = PBXFileReference; lastKnownFileType = wrapper.framework; name = CoreGraphics.framework; path = System/Library/Frameworks/CoreGraphics.framework; sourceTree = SDKROOT; };
		045F2FEA1D6B129C0010FD6E /* WXApiManager.h */ = {isa = PBXFileReference; fileEncoding = 4; lastKnownFileType = sourcecode.c.h; path = WXApiManager.h; sourceTree = "<group>"; };
		045F2FEB1D6B129C0010FD6E /* WXApiManager.m */ = {isa = PBXFileReference; fileEncoding = 4; lastKnownFileType = sourcecode.c.objc; path = WXApiManager.m; sourceTree = "<group>"; };
		045F2FEE1D6B140F0010FD6E /* NSURLRequest+WithString.h */ = {isa = PBXFileReference; fileEncoding = 4; lastKnownFileType = sourcecode.c.h; path = "NSURLRequest+WithString.h"; sourceTree = "<group>"; };
		045F2FEF1D6B140F0010FD6E /* NSURLRequest+WithString.m */ = {isa = PBXFileReference; fileEncoding = 4; lastKnownFileType = sourcecode.c.objc; path = "NSURLRequest+WithString.m"; sourceTree = "<group>"; };
		045F2FF11D6B2C0F0010FD6E /* libsqlite3.0.tbd */ = {isa = PBXFileReference; lastKnownFileType = "sourcecode.text-based-dylib-definition"; name = libsqlite3.0.tbd; path = usr/lib/libsqlite3.0.tbd; sourceTree = SDKROOT; };
		045F307A1D6BD78E0010FD6E /* Assets.xcassets */ = {isa = PBXFileReference; lastKnownFileType = folder.assetcatalog; path = Assets.xcassets; sourceTree = "<group>"; };
		04678A281D74088D00E83EB5 /* SharePan.h */ = {isa = PBXFileReference; fileEncoding = 4; lastKnownFileType = sourcecode.c.h; path = SharePan.h; sourceTree = "<group>"; };
		04678A291D74088D00E83EB5 /* SharePan.m */ = {isa = PBXFileReference; fileEncoding = 4; lastKnownFileType = sourcecode.c.objc; path = SharePan.m; sourceTree = "<group>"; };
		04678A2B1D7409A200E83EB5 /* UIImage+Original.h */ = {isa = PBXFileReference; fileEncoding = 4; lastKnownFileType = sourcecode.c.h; path = "UIImage+Original.h"; sourceTree = "<group>"; };
		04678A2C1D7409A200E83EB5 /* UIImage+Original.m */ = {isa = PBXFileReference; fileEncoding = 4; lastKnownFileType = sourcecode.c.objc; path = "UIImage+Original.m"; sourceTree = "<group>"; };
		04B26CEB1D71399800F35654 /* CFNetwork.framework */ = {isa = PBXFileReference; lastKnownFileType = wrapper.framework; name = CFNetwork.framework; path = System/Library/Frameworks/CFNetwork.framework; sourceTree = SDKROOT; };
		04B26CED1D7139A000F35654 /* CoreFoundation.framework */ = {isa = PBXFileReference; lastKnownFileType = wrapper.framework; name = CoreFoundation.framework; path = System/Library/Frameworks/CoreFoundation.framework; sourceTree = SDKROOT; };
		04B26CEF1D7139A800F35654 /* CoreTelephony.framework */ = {isa = PBXFileReference; lastKnownFileType = wrapper.framework; name = CoreTelephony.framework; path = System/Library/Frameworks/CoreTelephony.framework; sourceTree = SDKROOT; };
		04B26CF11D7139C900F35654 /* Foundation.framework */ = {isa = PBXFileReference; lastKnownFileType = wrapper.framework; name = Foundation.framework; path = System/Library/Frameworks/Foundation.framework; sourceTree = SDKROOT; };
		04B26CF31D7139CF00F35654 /* UIKit.framework */ = {isa = PBXFileReference; lastKnownFileType = wrapper.framework; name = UIKit.framework; path = System/Library/Frameworks/UIKit.framework; sourceTree = SDKROOT; };
		04B26CFC1D713F0300F35654 /* jpush-ios-2.1.8.a */ = {isa = PBXFileReference; lastKnownFileType = archive.ar; path = "jpush-ios-2.1.8.a"; sourceTree = "<group>"; };
		04B26CFD1D713F0300F35654 /* JPUSHService.h */ = {isa = PBXFileReference; fileEncoding = 4; lastKnownFileType = sourcecode.c.h; path = JPUSHService.h; sourceTree = "<group>"; };
		04B26CFF1D7141E200F35654 /* AdSupport.framework */ = {isa = PBXFileReference; lastKnownFileType = wrapper.framework; name = AdSupport.framework; path = System/Library/Frameworks/AdSupport.framework; sourceTree = SDKROOT; };
		04B26D441D73C2AA00F35654 /* ShareCustom.h */ = {isa = PBXFileReference; fileEncoding = 4; lastKnownFileType = sourcecode.c.h; path = ShareCustom.h; sourceTree = "<group>"; };
		04B26D451D73C2AA00F35654 /* ShareCustom.m */ = {isa = PBXFileReference; fileEncoding = 4; lastKnownFileType = sourcecode.c.objc; path = ShareCustom.m; sourceTree = "<group>"; };
		04D49CAB1D65ADB3007561A6 /* ShareSDK.framework */ = {isa = PBXFileReference; lastKnownFileType = wrapper.framework; path = ShareSDK.framework; sourceTree = "<group>"; };
		04D49CAE1D65ADB3007561A6 /* ShareSDKExtension.framework */ = {isa = PBXFileReference; lastKnownFileType = wrapper.framework; path = ShareSDKExtension.framework; sourceTree = "<group>"; };
		04D49CAF1D65ADB3007561A6 /* ShareSDKUI.bundle */ = {isa = PBXFileReference; lastKnownFileType = "wrapper.plug-in"; path = ShareSDKUI.bundle; sourceTree = "<group>"; };
		04D49CB01D65ADB3007561A6 /* ShareSDKUI.framework */ = {isa = PBXFileReference; lastKnownFileType = wrapper.framework; path = ShareSDKUI.framework; sourceTree = "<group>"; };
		04D49CB31D65ADB3007561A6 /* TencentOpenAPI.framework */ = {isa = PBXFileReference; lastKnownFileType = wrapper.framework; path = TencentOpenAPI.framework; sourceTree = "<group>"; };
		04D49CB41D65ADB3007561A6 /* TencentOpenApi_IOS_Bundle.bundle */ = {isa = PBXFileReference; lastKnownFileType = "wrapper.plug-in"; path = TencentOpenApi_IOS_Bundle.bundle; sourceTree = "<group>"; };
		04D49CB61D65ADB3007561A6 /* libWeChatSDK.a */ = {isa = PBXFileReference; lastKnownFileType = archive.ar; path = libWeChatSDK.a; sourceTree = "<group>"; };
		04D49CB71D65ADB3007561A6 /* README.txt */ = {isa = PBXFileReference; fileEncoding = 4; lastKnownFileType = text; path = README.txt; sourceTree = "<group>"; };
		04D49CB81D65ADB3007561A6 /* WechatAuthSDK.h */ = {isa = PBXFileReference; fileEncoding = 4; lastKnownFileType = sourcecode.c.h; path = WechatAuthSDK.h; sourceTree = "<group>"; };
		04D49CB91D65ADB3007561A6 /* WXApi.h */ = {isa = PBXFileReference; fileEncoding = 4; lastKnownFileType = sourcecode.c.h; path = WXApi.h; sourceTree = "<group>"; };
		04D49CBA1D65ADB3007561A6 /* WXApiObject.h */ = {isa = PBXFileReference; fileEncoding = 4; lastKnownFileType = sourcecode.c.h; path = WXApiObject.h; sourceTree = "<group>"; };
		04D49CBC1D65ADB3007561A6 /* MOBFoundation.framework */ = {isa = PBXFileReference; lastKnownFileType = wrapper.framework; path = MOBFoundation.framework; sourceTree = "<group>"; };
		04D49CBD1D65ADB3007561A6 /* ShareSDK.bundle */ = {isa = PBXFileReference; lastKnownFileType = "wrapper.plug-in"; path = ShareSDK.bundle; sourceTree = "<group>"; };
		04D49CBE1D65ADB3007561A6 /* ShareSDKConnector.framework */ = {isa = PBXFileReference; lastKnownFileType = wrapper.framework; path = ShareSDKConnector.framework; sourceTree = "<group>"; };
/* End PBXFileReference section */

/* Begin PBXFrameworksBuildPhase section */
		040FDDBF1D4E3824001B1B6C /* Frameworks */ = {
			isa = PBXFrameworksBuildPhase;
			buildActionMask = 2147483647;
			files = (
				04B26D001D7141E200F35654 /* AdSupport.framework in Frameworks */,
				045F2DDD1D6B05FE0010FD6E /* Security.framework in Frameworks */,
				04B26CF41D7139CF00F35654 /* UIKit.framework in Frameworks */,
				04B26CF21D7139C900F35654 /* Foundation.framework in Frameworks */,
				045F2DE31D6B06180010FD6E /* CoreGraphics.framework in Frameworks */,
				045F2DE11D6B06100010FD6E /* SystemConfiguration.framework in Frameworks */,
				04B26CF01D7139A800F35654 /* CoreTelephony.framework in Frameworks */,
				04B26CEE1D7139A000F35654 /* CoreFoundation.framework in Frameworks */,
				04B26CEC1D71399800F35654 /* CFNetwork.framework in Frameworks */,
				045F2FF21D6B2C0F0010FD6E /* libsqlite3.0.tbd in Frameworks */,
				04222BAE1D65532A00AF7CB4 /* libicucore.tbd in Frameworks */,
				04222BB21D65534000AF7CB4 /* libstdc++.tbd in Frameworks */,
				04222BB41D65534700AF7CB4 /* JavaScriptCore.framework in Frameworks */,
				04B26CFE1D713F0300F35654 /* jpush-ios-2.1.8.a in Frameworks */,
				045F2DDF1D6B060A0010FD6E /* libiconv.tbd in Frameworks */,
				04222BB61D65535800AF7CB4 /* libsqlite3.tbd in Frameworks */,
				04D49CC71D65ADB3007561A6 /* MOBFoundation.framework in Frameworks */,
				04D49CC31D65ADB3007561A6 /* TencentOpenAPI.framework in Frameworks */,
				04D49CC51D65ADB3007561A6 /* libWeChatSDK.a in Frameworks */,
				04D49CC21D65ADB3007561A6 /* ShareSDKUI.framework in Frameworks */,
				04D49CC91D65ADB3007561A6 /* ShareSDKConnector.framework in Frameworks */,
				04D49CBF1D65ADB3007561A6 /* ShareSDK.framework in Frameworks */,
				04D49CC01D65ADB3007561A6 /* ShareSDKExtension.framework in Frameworks */,
				04222BB01D65533700AF7CB4 /* libz.tbd in Frameworks */,
			);
			runOnlyForDeploymentPostprocessing = 0;
		};
		040FDDDB1D4E3824001B1B6C /* Frameworks */ = {
			isa = PBXFrameworksBuildPhase;
			buildActionMask = 2147483647;
			files = (
			);
			runOnlyForDeploymentPostprocessing = 0;
		};
		040FDDE61D4E3824001B1B6C /* Frameworks */ = {
			isa = PBXFrameworksBuildPhase;
			buildActionMask = 2147483647;
			files = (
			);
			runOnlyForDeploymentPostprocessing = 0;
		};
/* End PBXFrameworksBuildPhase section */

/* Begin PBXGroup section */
		040FDDB91D4E3823001B1B6C = {
			isa = PBXGroup;
			children = (
				045F2DE41D6B08E30010FD6E /* FrameWorks */,
				040FDDC81D4E3824001B1B6C /* AppDelegate.h */,
				040FDDC91D4E3824001B1B6C /* AppDelegate.m */,
				040FDDCB1D4E3824001B1B6C /* ViewController.h */,
				040FDDCC1D4E3824001B1B6C /* ViewController.m */,
				040FDDCE1D4E3824001B1B6C /* Main.storyboard */,
				040FDE0B1D4E3C0C001B1B6C /* PrefixHeader.pch */,
				040FDDC41D4E3824001B1B6C /* YIshangReBuilt */,
				040FDDE11D4E3824001B1B6C /* YIshangReBuiltTests */,
				040FDDEC1D4E3824001B1B6C /* YIshangReBuiltUITests */,
				040FDDC31D4E3824001B1B6C /* Products */,
			);
			sourceTree = "<group>";
		};
		040FDDC31D4E3824001B1B6C /* Products */ = {
			isa = PBXGroup;
			children = (
				040FDDC21D4E3824001B1B6C /* YIshangReBuilt.app */,
				040FDDDE1D4E3824001B1B6C /* YIshangReBuiltTests.xctest */,
				040FDDE91D4E3824001B1B6C /* YIshangReBuiltUITests.xctest */,
			);
			name = Products;
			sourceTree = "<group>";
		};
		040FDDC41D4E3824001B1B6C /* YIshangReBuilt */ = {
			isa = PBXGroup;
			children = (
				040FDE041D4E39AD001B1B6C /* Image */,
				040FDE031D4E3998001B1B6C /* FrameWork */,
				040FDDFF1D4E398B001B1B6C /* Login */,
				040FDDFB1D4E3976001B1B6C /* Share */,
				04222B381D64613800AF7CB4 /* TabImage */,
				040FDE061D4E39E1001B1B6C /* ProjectRelated     */,
				04222B6A1D6461FD00AF7CB4 /* MoreCover */,
				040FDDC51D4E3824001B1B6C /* Supporting Files */,
			);
			path = YIshangReBuilt;
			sourceTree = "<group>";
		};
		040FDDC51D4E3824001B1B6C /* Supporting Files */ = {
			isa = PBXGroup;
			children = (
				040FDDC61D4E3824001B1B6C /* main.m */,
			);
			name = "Supporting Files";
			sourceTree = "<group>";
		};
		040FDDE11D4E3824001B1B6C /* YIshangReBuiltTests */ = {
			isa = PBXGroup;
			children = (
				040FDDE21D4E3824001B1B6C /* YIshangReBuiltTests.m */,
				040FDDE41D4E3824001B1B6C /* Info.plist */,
			);
			path = YIshangReBuiltTests;
			sourceTree = "<group>";
		};
		040FDDEC1D4E3824001B1B6C /* YIshangReBuiltUITests */ = {
			isa = PBXGroup;
			children = (
				040FDDED1D4E3824001B1B6C /* YIshangReBuiltUITests.m */,
				040FDDEF1D4E3824001B1B6C /* Info.plist */,
			);
			path = YIshangReBuiltUITests;
			sourceTree = "<group>";
		};
		040FDDFB1D4E3976001B1B6C /* Share */ = {
			isa = PBXGroup;
			children = (
				040FDDFC1D4E3976001B1B6C /* QQShare */,
				040FDDFD1D4E3976001B1B6C /* ShareCover */,
				040FDDFE1D4E3976001B1B6C /* WeixinShare */,
			);
			path = Share;
			sourceTree = "<group>";
		};
		040FDDFC1D4E3976001B1B6C /* QQShare */ = {
			isa = PBXGroup;
			children = (
			);
			path = QQShare;
			sourceTree = "<group>";
		};
		040FDDFD1D4E3976001B1B6C /* ShareCover */ = {
			isa = PBXGroup;
			children = (
			);
			path = ShareCover;
			sourceTree = "<group>";
		};
		040FDDFE1D4E3976001B1B6C /* WeixinShare */ = {
			isa = PBXGroup;
			children = (
			);
			path = WeixinShare;
			sourceTree = "<group>";
		};
		040FDDFF1D4E398B001B1B6C /* Login */ = {
			isa = PBXGroup;
			children = (
				040FDE001D4E398B001B1B6C /* Manager */,
				040FDE011D4E398B001B1B6C /* QQlogin */,
				040FDE021D4E398B001B1B6C /* WeixinLogin */,
			);
			path = Login;
			sourceTree = "<group>";
		};
		040FDE001D4E398B001B1B6C /* Manager */ = {
			isa = PBXGroup;
			children = (
			);
			path = Manager;
			sourceTree = "<group>";
		};
		040FDE011D4E398B001B1B6C /* QQlogin */ = {
			isa = PBXGroup;
			children = (
			);
			path = QQlogin;
			sourceTree = "<group>";
		};
		040FDE021D4E398B001B1B6C /* WeixinLogin */ = {
			isa = PBXGroup;
			children = (
				045F2FEA1D6B129C0010FD6E /* WXApiManager.h */,
				045F2FEB1D6B129C0010FD6E /* WXApiManager.m */,
			);
			path = WeixinLogin;
			sourceTree = "<group>";
		};
		040FDE031D4E3998001B1B6C /* FrameWork */ = {
			isa = PBXGroup;
			children = (
				0443342A1D6EDE24002B5341 /* MBProgress */,
				040FDE071D4E3BC1001B1B6C /* Category */,
			);
			path = FrameWork;
			sourceTree = "<group>";
		};
		040FDE041D4E39AD001B1B6C /* Image */ = {
			isa = PBXGroup;
			children = (
			);
			path = Image;
			sourceTree = "<group>";
		};
		040FDE061D4E39E1001B1B6C /* ProjectRelated     */ = {
			isa = PBXGroup;
			children = (
				045F307A1D6BD78E0010FD6E /* Assets.xcassets */,
				04222BB81D655B5B00AF7CB4 /* 1024.png */,
				040FDDD61D4E3824001B1B6C /* LaunchScreen.storyboard */,
				040FDDD91D4E3824001B1B6C /* Info.plist */,
				040FDDD11D4E3824001B1B6C /* YIshangReBuilt.xcdatamodeld */,
			);
			name = "ProjectRelated    ";
			sourceTree = "<group>";
		};
		040FDE071D4E3BC1001B1B6C /* Category */ = {
			isa = PBXGroup;
			children = (
				04678A2B1D7409A200E83EB5 /* UIImage+Original.h */,
				04678A2C1D7409A200E83EB5 /* UIImage+Original.m */,
				045F2FEE1D6B140F0010FD6E /* NSURLRequest+WithString.h */,
				045F2FEF1D6B140F0010FD6E /* NSURLRequest+WithString.m */,
				040FDE081D4E3BD7001B1B6C /* UIView+Frame.h */,
				040FDE091D4E3BD7001B1B6C /* UIView+Frame.m */,
			);
			path = Category;
			sourceTree = "<group>";
		};
		04222B381D64613800AF7CB4 /* TabImage */ = {
			isa = PBXGroup;
			children = (
				04222B391D64613800AF7CB4 /* 456.png */,
				04222B3A1D64613800AF7CB4 /* Cart.png */,
				04222B3B1D64613800AF7CB4 /* CartSele.png */,
				04222B3C1D64613800AF7CB4 /* Home.png */,
				04222B3D1D64613800AF7CB4 /* homes.png */,
				04222B3E1D64613800AF7CB4 /* HomeSele.png */,
				04222B3F1D64613800AF7CB4 /* icon_06.png */,
				04222B401D64613800AF7CB4 /* icon_invite_kongjian.png */,
				04222B411D64613800AF7CB4 /* icon_invite_pengyou.png */,
				04222B421D64613800AF7CB4 /* icon_invite_qq.png */,
				04222B431D64613800AF7CB4 /* icon_invite_shouji.png */,
				04222B441D64613800AF7CB4 /* icon_invite_weixin.png */,
				04222B451D64613800AF7CB4 /* Mem.png */,
				04222B461D64613800AF7CB4 /* MemSele.png */,
				04222B471D64613800AF7CB4 /* Pink.png */,
				04222B481D64613800AF7CB4 /* PinkSele.png */,
				04222B491D64613800AF7CB4 /* return.png */,
				04222B4A1D64613800AF7CB4 /* return2.png */,
				04222B4B1D64613800AF7CB4 /* SeleImage */,
				04222B501D64613800AF7CB4 /* share.png */,
				04222B511D64613800AF7CB4 /* Yishang.png */,
			);
			path = TabImage;
			sourceTree = "<group>";
		};
		04222B4B1D64613800AF7CB4 /* SeleImage */ = {
			isa = PBXGroup;
			children = (
				04222BBA1D65993F00AF7CB4 /* homes.png */,
				04222B4D1D64613800AF7CB4 /* Info.png */,
				04222B4E1D64613800AF7CB4 /* More.png */,
				04222B4F1D64613800AF7CB4 /* Share.png */,
			);
			path = SeleImage;
			sourceTree = "<group>";
		};
		04222B6A1D6461FD00AF7CB4 /* MoreCover */ = {
			isa = PBXGroup;
			children = (
				04222B6B1D6461FD00AF7CB4 /* JudgeLogView.h */,
				04222B6C1D6461FD00AF7CB4 /* JudgeLogView.m */,
				04222B6D1D6461FD00AF7CB4 /* QQAndWx.xib */,
				04222B6E1D6461FD00AF7CB4 /* QQCover.h */,
				04222B6F1D6461FD00AF7CB4 /* QQCover.m */,
				04222B701D6461FD00AF7CB4 /* QQCover.xib */,
				04222B711D6461FD00AF7CB4 /* SeleObjView.h */,
				04222B721D6461FD00AF7CB4 /* SeleObjView.m */,
				04222B731D6461FD00AF7CB4 /* SeleObjView.xib */,
				04222B741D6461FD00AF7CB4 /* WxCover.xib */,
			);
			path = MoreCover;
			sourceTree = "<group>";
		};
		0443342A1D6EDE24002B5341 /* MBProgress */ = {
			isa = PBXGroup;
			children = (
				0443342B1D6EDE24002B5341 /* MBProgressHUD.h */,
				0443342C1D6EDE24002B5341 /* MBProgressHUD.m */,
				0443342D1D6EDE24002B5341 /* viewPro.h */,
				0443342E1D6EDE24002B5341 /* viewPro.m */,
				0443342F1D6EDE24002B5341 /* viewPro.xib */,
			);
			path = MBProgress;
			sourceTree = "<group>";
		};
		045F2DE41D6B08E30010FD6E /* FrameWorks */ = {
			isa = PBXGroup;
			children = (
				04B26CEA1D71397E00F35654 /* PushAdd */,
				04D49CAA1D65ADB3007561A6 /* ShareSDK */,
				04222BB51D65535800AF7CB4 /* libsqlite3.tbd */,
				04222BB31D65534700AF7CB4 /* JavaScriptCore.framework */,
				04222BB11D65534000AF7CB4 /* libstdc++.tbd */,
				04222BAF1D65533700AF7CB4 /* libz.tbd */,
				04222BAD1D65532A00AF7CB4 /* libicucore.tbd */,
				045F2FED1D6B13910010FD6E /* ADDWxLogin */,
				04B26D481D73D60D00F35654 /* Share */,
			);
			path = FrameWorks;
			sourceTree = "<group>";
		};
		045F2FED1D6B13910010FD6E /* ADDWxLogin */ = {
			isa = PBXGroup;
			children = (
				045F2FF11D6B2C0F0010FD6E /* libsqlite3.0.tbd */,
				045F2DE21D6B06180010FD6E /* CoreGraphics.framework */,
				045F2DE01D6B06100010FD6E /* SystemConfiguration.framework */,
				045F2DDE1D6B060A0010FD6E /* libiconv.tbd */,
				045F2DDC1D6B05FE0010FD6E /* Security.framework */,
			);
			name = ADDWxLogin;
			sourceTree = "<group>";
		};
		04B26CEA1D71397E00F35654 /* PushAdd */ = {
			isa = PBXGroup;
			children = (
				04B26CFB1D713F0300F35654 /* libs */,
				04B26CFF1D7141E200F35654 /* AdSupport.framework */,
				04B26CF31D7139CF00F35654 /* UIKit.framework */,
				04B26CF11D7139C900F35654 /* Foundation.framework */,
				04B26CEF1D7139A800F35654 /* CoreTelephony.framework */,
				04B26CED1D7139A000F35654 /* CoreFoundation.framework */,
				04B26CEB1D71399800F35654 /* CFNetwork.framework */,
			);
			name = PushAdd;
			sourceTree = "<group>";
		};
		04B26CFB1D713F0300F35654 /* libs */ = {
			isa = PBXGroup;
			children = (
				04B26CFC1D713F0300F35654 /* jpush-ios-2.1.8.a */,
				04B26CFD1D713F0300F35654 /* JPUSHService.h */,
			);
			path = libs;
			sourceTree = "<group>";
		};
		04B26D481D73D60D00F35654 /* Share */ = {
			isa = PBXGroup;
			children = (
				04678A281D74088D00E83EB5 /* SharePan.h */,
				04678A291D74088D00E83EB5 /* SharePan.m */,
			);
			path = Share;
			sourceTree = "<group>";
		};
		04D49CAA1D65ADB3007561A6 /* ShareSDK */ = {
			isa = PBXGroup;
			children = (
				04D49CAB1D65ADB3007561A6 /* ShareSDK.framework */,
				04D49CAC1D65ADB3007561A6 /* Support */,
				04B26D441D73C2AA00F35654 /* ShareCustom.h */,
				04B26D451D73C2AA00F35654 /* ShareCustom.m */,
			);
			name = ShareSDK;
			path = ../ShareSDK;
			sourceTree = "<group>";
		};
		04D49CAC1D65ADB3007561A6 /* Support */ = {
			isa = PBXGroup;
			children = (
				04D49CAD1D65ADB3007561A6 /* Optional */,
				04D49CB11D65ADB3007561A6 /* PlatformSDK */,
				04D49CBB1D65ADB3007561A6 /* Required */,
			);
			path = Support;
			sourceTree = "<group>";
		};
		04D49CAD1D65ADB3007561A6 /* Optional */ = {
			isa = PBXGroup;
			children = (
				04D49CAE1D65ADB3007561A6 /* ShareSDKExtension.framework */,
				04D49CAF1D65ADB3007561A6 /* ShareSDKUI.bundle */,
				04D49CB01D65ADB3007561A6 /* ShareSDKUI.framework */,
			);
			path = Optional;
			sourceTree = "<group>";
		};
		04D49CB11D65ADB3007561A6 /* PlatformSDK */ = {
			isa = PBXGroup;
			children = (
				04D49CB21D65ADB3007561A6 /* QQSDK */,
				04D49CB51D65ADB3007561A6 /* WeChatSDK */,
			);
			path = PlatformSDK;
			sourceTree = "<group>";
		};
		04D49CB21D65ADB3007561A6 /* QQSDK */ = {
			isa = PBXGroup;
			children = (
				04D49CB31D65ADB3007561A6 /* TencentOpenAPI.framework */,
				04D49CB41D65ADB3007561A6 /* TencentOpenApi_IOS_Bundle.bundle */,
			);
			path = QQSDK;
			sourceTree = "<group>";
		};
		04D49CB51D65ADB3007561A6 /* WeChatSDK */ = {
			isa = PBXGroup;
			children = (
				04D49CB61D65ADB3007561A6 /* libWeChatSDK.a */,
				04D49CB71D65ADB3007561A6 /* README.txt */,
				04D49CB81D65ADB3007561A6 /* WechatAuthSDK.h */,
				04D49CB91D65ADB3007561A6 /* WXApi.h */,
				04D49CBA1D65ADB3007561A6 /* WXApiObject.h */,
			);
			path = WeChatSDK;
			sourceTree = "<group>";
		};
		04D49CBB1D65ADB3007561A6 /* Required */ = {
			isa = PBXGroup;
			children = (
				04D49CBC1D65ADB3007561A6 /* MOBFoundation.framework */,
				04D49CBD1D65ADB3007561A6 /* ShareSDK.bundle */,
				04D49CBE1D65ADB3007561A6 /* ShareSDKConnector.framework */,
			);
			path = Required;
			sourceTree = "<group>";
		};
/* End PBXGroup section */

/* Begin PBXNativeTarget section */
		040FDDC11D4E3824001B1B6C /* YIshangReBuilt */ = {
			isa = PBXNativeTarget;
			buildConfigurationList = 040FDDF21D4E3824001B1B6C /* Build configuration list for PBXNativeTarget "YIshangReBuilt" */;
			buildPhases = (
				040FDDBE1D4E3824001B1B6C /* Sources */,
				040FDDBF1D4E3824001B1B6C /* Frameworks */,
				040FDDC01D4E3824001B1B6C /* Resources */,
			);
			buildRules = (
			);
			dependencies = (
			);
			name = YIshangReBuilt;
			productName = YIshangReBuilt;
			productReference = 040FDDC21D4E3824001B1B6C /* YIshangReBuilt.app */;
			productType = "com.apple.product-type.application";
		};
		040FDDDD1D4E3824001B1B6C /* YIshangReBuiltTests */ = {
			isa = PBXNativeTarget;
			buildConfigurationList = 040FDDF51D4E3824001B1B6C /* Build configuration list for PBXNativeTarget "YIshangReBuiltTests" */;
			buildPhases = (
				040FDDDA1D4E3824001B1B6C /* Sources */,
				040FDDDB1D4E3824001B1B6C /* Frameworks */,
				040FDDDC1D4E3824001B1B6C /* Resources */,
			);
			buildRules = (
			);
			dependencies = (
				040FDDE01D4E3824001B1B6C /* PBXTargetDependency */,
			);
			name = YIshangReBuiltTests;
			productName = YIshangReBuiltTests;
			productReference = 040FDDDE1D4E3824001B1B6C /* YIshangReBuiltTests.xctest */;
			productType = "com.apple.product-type.bundle.unit-test";
		};
		040FDDE81D4E3824001B1B6C /* YIshangReBuiltUITests */ = {
			isa = PBXNativeTarget;
			buildConfigurationList = 040FDDF81D4E3824001B1B6C /* Build configuration list for PBXNativeTarget "YIshangReBuiltUITests" */;
			buildPhases = (
				040FDDE51D4E3824001B1B6C /* Sources */,
				040FDDE61D4E3824001B1B6C /* Frameworks */,
				040FDDE71D4E3824001B1B6C /* Resources */,
			);
			buildRules = (
			);
			dependencies = (
				040FDDEB1D4E3824001B1B6C /* PBXTargetDependency */,
			);
			name = YIshangReBuiltUITests;
			productName = YIshangReBuiltUITests;
			productReference = 040FDDE91D4E3824001B1B6C /* YIshangReBuiltUITests.xctest */;
			productType = "com.apple.product-type.bundle.ui-testing";
		};
/* End PBXNativeTarget section */

/* Begin PBXProject section */
		040FDDBA1D4E3823001B1B6C /* Project object */ = {
			isa = PBXProject;
			attributes = {
				LastUpgradeCheck = 0730;
				ORGANIZATIONNAME = Yishang;
				TargetAttributes = {
					040FDDC11D4E3824001B1B6C = {
						CreatedOnToolsVersion = 7.3;
					};
					040FDDDD1D4E3824001B1B6C = {
						CreatedOnToolsVersion = 7.3;
						TestTargetID = 040FDDC11D4E3824001B1B6C;
					};
					040FDDE81D4E3824001B1B6C = {
						CreatedOnToolsVersion = 7.3;
						TestTargetID = 040FDDC11D4E3824001B1B6C;
					};
				};
			};
			buildConfigurationList = 040FDDBD1D4E3823001B1B6C /* Build configuration list for PBXProject "YIshangReBuilt" */;
			compatibilityVersion = "Xcode 3.2";
			developmentRegion = English;
			hasScannedForEncodings = 0;
			knownRegions = (
				en,
				Base,
				"zh-Hans",
			);
			mainGroup = 040FDDB91D4E3823001B1B6C;
			productRefGroup = 040FDDC31D4E3824001B1B6C /* Products */;
			projectDirPath = "";
			projectRoot = "";
			targets = (
				040FDDC11D4E3824001B1B6C /* YIshangReBuilt */,
				040FDDDD1D4E3824001B1B6C /* YIshangReBuiltTests */,
				040FDDE81D4E3824001B1B6C /* YIshangReBuiltUITests */,
			);
		};
/* End PBXProject section */

/* Begin PBXResourcesBuildPhase section */
		040FDDC01D4E3824001B1B6C /* Resources */ = {
			isa = PBXResourcesBuildPhase;
			buildActionMask = 2147483647;
			files = (
				04D49CC41D65ADB3007561A6 /* TencentOpenApi_IOS_Bundle.bundle in Resources */,
				04222B561D64613800AF7CB4 /* homes.png in Resources */,
				04222B5F1D64613800AF7CB4 /* MemSele.png in Resources */,
				040FDDD81D4E3824001B1B6C /* LaunchScreen.storyboard in Resources */,
				04222B571D64613800AF7CB4 /* HomeSele.png in Resources */,
				04222B691D64613800AF7CB4 /* Yishang.png in Resources */,
				04222B7A1D6461FD00AF7CB4 /* SeleObjView.xib in Resources */,
				04222B5A1D64613800AF7CB4 /* icon_invite_pengyou.png in Resources */,
				044334321D6EDE24002B5341 /* viewPro.xib in Resources */,
				04222B661D64613800AF7CB4 /* More.png in Resources */,
				04222B521D64613800AF7CB4 /* 456.png in Resources */,
				04222B5C1D64613800AF7CB4 /* icon_invite_shouji.png in Resources */,
				04222BB91D655B5B00AF7CB4 /* 1024.png in Resources */,
				04222B781D6461FD00AF7CB4 /* QQCover.xib in Resources */,
				04222B7B1D6461FD00AF7CB4 /* WxCover.xib in Resources */,
				04222B631D64613800AF7CB4 /* return2.png in Resources */,
				04222B581D64613800AF7CB4 /* icon_06.png in Resources */,
				04D49CC81D65ADB3007561A6 /* ShareSDK.bundle in Resources */,
				04222B531D64613800AF7CB4 /* Cart.png in Resources */,
				04222B621D64613800AF7CB4 /* return.png in Resources */,
				04222B611D64613800AF7CB4 /* PinkSele.png in Resources */,
				04D49CC61D65ADB3007561A6 /* README.txt in Resources */,
				04222B601D64613800AF7CB4 /* Pink.png in Resources */,
				04D49CC11D65ADB3007561A6 /* ShareSDKUI.bundle in Resources */,
				04222B761D6461FD00AF7CB4 /* QQAndWx.xib in Resources */,
				04222B5D1D64613800AF7CB4 /* icon_invite_weixin.png in Resources */,
				04222B5E1D64613800AF7CB4 /* Mem.png in Resources */,
				04222B651D64613800AF7CB4 /* Info.png in Resources */,
				04222BBB1D65993F00AF7CB4 /* homes.png in Resources */,
				04222B671D64613800AF7CB4 /* Share.png in Resources */,
				04222B5B1D64613800AF7CB4 /* icon_invite_qq.png in Resources */,
				04222B541D64613800AF7CB4 /* CartSele.png in Resources */,
				04222B591D64613800AF7CB4 /* icon_invite_kongjian.png in Resources */,
				040FDDD01D4E3824001B1B6C /* Main.storyboard in Resources */,
				04222B551D64613800AF7CB4 /* Home.png in Resources */,
				045F307B1D6BD78E0010FD6E /* Assets.xcassets in Resources */,
				04222B681D64613800AF7CB4 /* share.png in Resources */,
			);
			runOnlyForDeploymentPostprocessing = 0;
		};
		040FDDDC1D4E3824001B1B6C /* Resources */ = {
			isa = PBXResourcesBuildPhase;
			buildActionMask = 2147483647;
			files = (
			);
			runOnlyForDeploymentPostprocessing = 0;
		};
		040FDDE71D4E3824001B1B6C /* Resources */ = {
			isa = PBXResourcesBuildPhase;
			buildActionMask = 2147483647;
			files = (
			);
			runOnlyForDeploymentPostprocessing = 0;
		};
/* End PBXResourcesBuildPhase section */

/* Begin PBXSourcesBuildPhase section */
		040FDDBE1D4E3824001B1B6C /* Sources */ = {
			isa = PBXSourcesBuildPhase;
			buildActionMask = 2147483647;
			files = (
				040FDDCD1D4E3824001B1B6C /* ViewController.m in Sources */,
				045F2FF01D6B140F0010FD6E /* NSURLRequest+WithString.m in Sources */,
				04222B751D6461FD00AF7CB4 /* JudgeLogView.m in Sources */,
				040FDDD31D4E3824001B1B6C /* YIshangReBuilt.xcdatamodeld in Sources */,
				044334311D6EDE24002B5341 /* viewPro.m in Sources */,
				04678A2A1D74088D00E83EB5 /* SharePan.m in Sources */,
				044334301D6EDE24002B5341 /* MBProgressHUD.m in Sources */,
				045F2FEC1D6B129C0010FD6E /* WXApiManager.m in Sources */,
				040FDDCA1D4E3824001B1B6C /* AppDelegate.m in Sources */,
				04222B771D6461FD00AF7CB4 /* QQCover.m in Sources */,
				04B26D461D73C2AA00F35654 /* ShareCustom.m in Sources */,
				040FDE0A1D4E3BD7001B1B6C /* UIView+Frame.m in Sources */,
				04678A2D1D7409A200E83EB5 /* UIImage+Original.m in Sources */,
				040FDDC71D4E3824001B1B6C /* main.m in Sources */,
				04222B791D6461FD00AF7CB4 /* SeleObjView.m in Sources */,
			);
			runOnlyForDeploymentPostprocessing = 0;
		};
		040FDDDA1D4E3824001B1B6C /* Sources */ = {
			isa = PBXSourcesBuildPhase;
			buildActionMask = 2147483647;
			files = (
				040FDDE31D4E3824001B1B6C /* YIshangReBuiltTests.m in Sources */,
			);
			runOnlyForDeploymentPostprocessing = 0;
		};
		040FDDE51D4E3824001B1B6C /* Sources */ = {
			isa = PBXSourcesBuildPhase;
			buildActionMask = 2147483647;
			files = (
				040FDDEE1D4E3824001B1B6C /* YIshangReBuiltUITests.m in Sources */,
			);
			runOnlyForDeploymentPostprocessing = 0;
		};
/* End PBXSourcesBuildPhase section */

/* Begin PBXTargetDependency section */
		040FDDE01D4E3824001B1B6C /* PBXTargetDependency */ = {
			isa = PBXTargetDependency;
			target = 040FDDC11D4E3824001B1B6C /* YIshangReBuilt */;
			targetProxy = 040FDDDF1D4E3824001B1B6C /* PBXContainerItemProxy */;
		};
		040FDDEB1D4E3824001B1B6C /* PBXTargetDependency */ = {
			isa = PBXTargetDependency;
			target = 040FDDC11D4E3824001B1B6C /* YIshangReBuilt */;
			targetProxy = 040FDDEA1D4E3824001B1B6C /* PBXContainerItemProxy */;
		};
/* End PBXTargetDependency section */

/* Begin PBXVariantGroup section */
		040FDDCE1D4E3824001B1B6C /* Main.storyboard */ = {
			isa = PBXVariantGroup;
			children = (
				040FDDCF1D4E3824001B1B6C /* Base */,
			);
			name = Main.storyboard;
			path = YIshangReBuilt;
			sourceTree = "<group>";
		};
		040FDDD61D4E3824001B1B6C /* LaunchScreen.storyboard */ = {
			isa = PBXVariantGroup;
			children = (
				040FDDD71D4E3824001B1B6C /* Base */,
			);
			name = LaunchScreen.storyboard;
			sourceTree = "<group>";
		};
/* End PBXVariantGroup section */

/* Begin XCBuildConfiguration section */
		040FDDF01D4E3824001B1B6C /* Debug */ = {
			isa = XCBuildConfiguration;
			buildSettings = {
				ALWAYS_SEARCH_USER_PATHS = NO;
				CLANG_ANALYZER_NONNULL = YES;
				CLANG_CXX_LANGUAGE_STANDARD = "gnu++0x";
				CLANG_CXX_LIBRARY = "libc++";
				CLANG_ENABLE_MODULES = YES;
				CLANG_ENABLE_OBJC_ARC = YES;
				CLANG_WARN_BOOL_CONVERSION = YES;
				CLANG_WARN_CONSTANT_CONVERSION = YES;
				CLANG_WARN_DIRECT_OBJC_ISA_USAGE = YES_ERROR;
				CLANG_WARN_EMPTY_BODY = YES;
				CLANG_WARN_ENUM_CONVERSION = YES;
				CLANG_WARN_INT_CONVERSION = YES;
				CLANG_WARN_OBJC_ROOT_CLASS = YES_ERROR;
				CLANG_WARN_UNREACHABLE_CODE = YES;
				CLANG_WARN__DUPLICATE_METHOD_MATCH = YES;
				"CODE_SIGN_IDENTITY[sdk=iphoneos*]" = "iPhone Developer";
				COPY_PHASE_STRIP = NO;
				DEBUG_INFORMATION_FORMAT = dwarf;
				ENABLE_STRICT_OBJC_MSGSEND = YES;
				ENABLE_TESTABILITY = YES;
				GCC_C_LANGUAGE_STANDARD = gnu99;
				GCC_DYNAMIC_NO_PIC = NO;
				GCC_NO_COMMON_BLOCKS = YES;
				GCC_OPTIMIZATION_LEVEL = 0;
				GCC_PREPROCESSOR_DEFINITIONS = (
					"DEBUG=1",
					"$(inherited)",
				);
				GCC_WARN_64_TO_32_BIT_CONVERSION = YES;
				GCC_WARN_ABOUT_RETURN_TYPE = YES_ERROR;
				GCC_WARN_UNDECLARED_SELECTOR = YES;
				GCC_WARN_UNINITIALIZED_AUTOS = YES_AGGRESSIVE;
				GCC_WARN_UNUSED_FUNCTION = YES;
				GCC_WARN_UNUSED_VARIABLE = YES;
				IPHONEOS_DEPLOYMENT_TARGET = 9.3;
				MTL_ENABLE_DEBUG_INFO = YES;
				ONLY_ACTIVE_ARCH = YES;
				SDKROOT = iphoneos;
			};
			name = Debug;
		};
		040FDDF11D4E3824001B1B6C /* Release */ = {
			isa = XCBuildConfiguration;
			buildSettings = {
				ALWAYS_SEARCH_USER_PATHS = NO;
				CLANG_ANALYZER_NONNULL = YES;
				CLANG_CXX_LANGUAGE_STANDARD = "gnu++0x";
				CLANG_CXX_LIBRARY = "libc++";
				CLANG_ENABLE_MODULES = YES;
				CLANG_ENABLE_OBJC_ARC = YES;
				CLANG_WARN_BOOL_CONVERSION = YES;
				CLANG_WARN_CONSTANT_CONVERSION = YES;
				CLANG_WARN_DIRECT_OBJC_ISA_USAGE = YES_ERROR;
				CLANG_WARN_EMPTY_BODY = YES;
				CLANG_WARN_ENUM_CONVERSION = YES;
				CLANG_WARN_INT_CONVERSION = YES;
				CLANG_WARN_OBJC_ROOT_CLASS = YES_ERROR;
				CLANG_WARN_UNREACHABLE_CODE = YES;
				CLANG_WARN__DUPLICATE_METHOD_MATCH = YES;
				"CODE_SIGN_IDENTITY[sdk=iphoneos*]" = "iPhone Developer";
				COPY_PHASE_STRIP = NO;
				DEBUG_INFORMATION_FORMAT = "dwarf-with-dsym";
				ENABLE_NS_ASSERTIONS = NO;
				ENABLE_STRICT_OBJC_MSGSEND = YES;
				GCC_C_LANGUAGE_STANDARD = gnu99;
				GCC_NO_COMMON_BLOCKS = YES;
				GCC_WARN_64_TO_32_BIT_CONVERSION = YES;
				GCC_WARN_ABOUT_RETURN_TYPE = YES_ERROR;
				GCC_WARN_UNDECLARED_SELECTOR = YES;
				GCC_WARN_UNINITIALIZED_AUTOS = YES_AGGRESSIVE;
				GCC_WARN_UNUSED_FUNCTION = YES;
				GCC_WARN_UNUSED_VARIABLE = YES;
				IPHONEOS_DEPLOYMENT_TARGET = 9.3;
				MTL_ENABLE_DEBUG_INFO = NO;
				SDKROOT = iphoneos;
				VALIDATE_PRODUCT = YES;
			};
			name = Release;
		};
		040FDDF31D4E3824001B1B6C /* Debug */ = {
			isa = XCBuildConfiguration;
			buildSettings = {
				ASSETCATALOG_COMPILER_APPICON_NAME = AppIcon;
				FRAMEWORK_SEARCH_PATHS = (
					"$(inherited)",
					"$(PROJECT_DIR)/YIshangReBuilt/ShareSDK",
					"$(PROJECT_DIR)/YIshangReBuilt/ShareSDK/Support/Optional",
					"$(PROJECT_DIR)/YIshangReBuilt/ShareSDK/Support/PlatformSDK/QQSDK",
					"$(PROJECT_DIR)/YIshangReBuilt/ShareSDK/Support/Required",
					"$(PROJECT_DIR)/ShareSDK",
					"$(PROJECT_DIR)/ShareSDK/Support/Optional",
					"$(PROJECT_DIR)/ShareSDK/Support/PlatformSDK/QQSDK",
					"$(PROJECT_DIR)/ShareSDK/Support/Required",
					"$(PROJECT_DIR)/FrameWorks/UMSocial_Sdk_Extra_Frameworks/Facebook",
					"$(PROJECT_DIR)/FrameWorks/UMSocial_Sdk_Extra_Frameworks/Renren",
					"$(PROJECT_DIR)/FrameWorks/UMSocial_Sdk_Extra_Frameworks/TencentOpenAPI",
					"$(PROJECT_DIR)/FrameWorks/UMSocial_Sdk_Extra_Frameworks/Twitter",
				);
				GCC_PRECOMPILE_PREFIX_HEADER = YES;
				GCC_PREFIX_HEADER = /Users/mac/Desktop/YishangReBuild/YIshangReBuilt/YIshangReBuilt/PrefixHeader.pch;
				INFOPLIST_FILE = YIshangReBuilt/Info.plist;
				IPHONEOS_DEPLOYMENT_TARGET = 8.0;
				LD_RUNPATH_SEARCH_PATHS = "$(inherited) @executable_path/Frameworks";
				LIBRARY_SEARCH_PATHS = (
					"$(inherited)",
					"$(PROJECT_DIR)/YIshangReBuilt/ShareSDK/Support/PlatformSDK/WeChatSDK",
					"$(PROJECT_DIR)/ShareSDK/Support/PlatformSDK/WeChatSDK",
					"$(PROJECT_DIR)/ShareSDK/Support/PlatformSDK/QQSDK",
					"$(PROJECT_DIR)/FrameWorks/libs",
				);
				OTHER_LDFLAGS = "";
				PRODUCT_BUNDLE_IDENTIFIER = com.jijun.YishangAppID;
				PRODUCT_NAME = "$(TARGET_NAME)";
			};
			name = Debug;
		};
		040FDDF41D4E3824001B1B6C /* Release */ = {
			isa = XCBuildConfiguration;
			buildSettings = {
				ASSETCATALOG_COMPILER_APPICON_NAME = AppIcon;
				FRAMEWORK_SEARCH_PATHS = (
					"$(inherited)",
					"$(PROJECT_DIR)/YIshangReBuilt/ShareSDK",
					"$(PROJECT_DIR)/YIshangReBuilt/ShareSDK/Support/Optional",
					"$(PROJECT_DIR)/YIshangReBuilt/ShareSDK/Support/PlatformSDK/QQSDK",
					"$(PROJECT_DIR)/YIshangReBuilt/ShareSDK/Support/Required",
					"$(PROJECT_DIR)/ShareSDK",
					"$(PROJECT_DIR)/ShareSDK/Support/Optional",
					"$(PROJECT_DIR)/ShareSDK/Support/PlatformSDK/QQSDK",
					"$(PROJECT_DIR)/ShareSDK/Support/Required",
					"$(PROJECT_DIR)/FrameWorks/UMSocial_Sdk_Extra_Frameworks/Facebook",
					"$(PROJECT_DIR)/FrameWorks/UMSocial_Sdk_Extra_Frameworks/Renren",
					"$(PROJECT_DIR)/FrameWorks/UMSocial_Sdk_Extra_Frameworks/TencentOpenAPI",
					"$(PROJECT_DIR)/FrameWorks/UMSocial_Sdk_Extra_Frameworks/Twitter",
				);
				GCC_PRECOMPILE_PREFIX_HEADER = YES;
				GCC_PREFIX_HEADER = /Users/mac/Desktop/YishangReBuild/YIshangReBuilt/YIshangReBuilt/PrefixHeader.pch;
				INFOPLIST_FILE = YIshangReBuilt/Info.plist;
				IPHONEOS_DEPLOYMENT_TARGET = 8.0;
				LD_RUNPATH_SEARCH_PATHS = "$(inherited) @executable_path/Frameworks";
				LIBRARY_SEARCH_PATHS = (
					"$(inherited)",
					"$(PROJECT_DIR)/YIshangReBuilt/ShareSDK/Support/PlatformSDK/WeChatSDK",
					"$(PROJECT_DIR)/ShareSDK/Support/PlatformSDK/WeChatSDK",
					"$(PROJECT_DIR)/ShareSDK/Support/PlatformSDK/QQSDK",
					"$(PROJECT_DIR)/FrameWorks/libs",
				);
				OTHER_LDFLAGS = "";
				PRODUCT_BUNDLE_IDENTIFIER = com.jijun.YishangAppID;
				PRODUCT_NAME = "$(TARGET_NAME)";
			};
			name = Release;
		};
		040FDDF61D4E3824001B1B6C /* Debug */ = {
			isa = XCBuildConfiguration;
			buildSettings = {
				BUNDLE_LOADER = "$(TEST_HOST)";
				INFOPLIST_FILE = YIshangReBuiltTests/Info.plist;
				LD_RUNPATH_SEARCH_PATHS = "$(inherited) @executable_path/Frameworks @loader_path/Frameworks";
				PRODUCT_BUNDLE_IDENTIFIER = com.jijun.YishangAppID.YIshangReBuiltTests;
				PRODUCT_NAME = "$(TARGET_NAME)";
				TEST_HOST = "$(BUILT_PRODUCTS_DIR)/YIshangReBuilt.app/YIshangReBuilt";
			};
			name = Debug;
		};
		040FDDF71D4E3824001B1B6C /* Release */ = {
			isa = XCBuildConfiguration;
			buildSettings = {
				BUNDLE_LOADER = "$(TEST_HOST)";
				INFOPLIST_FILE = YIshangReBuiltTests/Info.plist;
				LD_RUNPATH_SEARCH_PATHS = "$(inherited) @executable_path/Frameworks @loader_path/Frameworks";
				PRODUCT_BUNDLE_IDENTIFIER = com.jijun.YishangAppID.YIshangReBuiltTests;
				PRODUCT_NAME = "$(TARGET_NAME)";
				TEST_HOST = "$(BUILT_PRODUCTS_DIR)/YIshangReBuilt.app/YIshangReBuilt";
			};
			name = Release;
		};
		040FDDF91D4E3824001B1B6C /* Debug */ = {
			isa = XCBuildConfiguration;
			buildSettings = {
				INFOPLIST_FILE = YIshangReBuiltUITests/Info.plist;
				LD_RUNPATH_SEARCH_PATHS = "$(inherited) @executable_path/Frameworks @loader_path/Frameworks";
				PRODUCT_BUNDLE_IDENTIFIER = com.jijun.YishangAppID.YIshangReBuiltUITests;
				PRODUCT_NAME = "$(TARGET_NAME)";
				TEST_TARGET_NAME = YIshangReBuilt;
			};
			name = Debug;
		};
		040FDDFA1D4E3824001B1B6C /* Release */ = {
			isa = XCBuildConfiguration;
			buildSettings = {
				INFOPLIST_FILE = YIshangReBuiltUITests/Info.plist;
				LD_RUNPATH_SEARCH_PATHS = "$(inherited) @executable_path/Frameworks @loader_path/Frameworks";
				PRODUCT_BUNDLE_IDENTIFIER = com.jijun.YishangAppID.YIshangReBuiltUITests;
				PRODUCT_NAME = "$(TARGET_NAME)";
				TEST_TARGET_NAME = YIshangReBuilt;
			};
			name = Release;
		};
/* End XCBuildConfiguration section */

/* Begin XCConfigurationList section */
		040FDDBD1D4E3823001B1B6C /* Build configuration list for PBXProject "YIshangReBuilt" */ = {
			isa = XCConfigurationList;
			buildConfigurations = (
				040FDDF01D4E3824001B1B6C /* Debug */,
				040FDDF11D4E3824001B1B6C /* Release */,
			);
			defaultConfigurationIsVisible = 0;
			defaultConfigurationName = Release;
		};
		040FDDF21D4E3824001B1B6C /* Build configuration list for PBXNativeTarget "YIshangReBuilt" */ = {
			isa = XCConfigurationList;
			buildConfigurations = (
				040FDDF31D4E3824001B1B6C /* Debug */,
				040FDDF41D4E3824001B1B6C /* Release */,
			);
			defaultConfigurationIsVisible = 0;
			defaultConfigurationName = Release;
		};
		040FDDF51D4E3824001B1B6C /* Build configuration list for PBXNativeTarget "YIshangReBuiltTests" */ = {
			isa = XCConfigurationList;
			buildConfigurations = (
				040FDDF61D4E3824001B1B6C /* Debug */,
				040FDDF71D4E3824001B1B6C /* Release */,
			);
			defaultConfigurationIsVisible = 0;
			defaultConfigurationName = Release;
		};
		040FDDF81D4E3824001B1B6C /* Build configuration list for PBXNativeTarget "YIshangReBuiltUITests" */ = {
			isa = XCConfigurationList;
			buildConfigurations = (
				040FDDF91D4E3824001B1B6C /* Debug */,
				040FDDFA1D4E3824001B1B6C /* Release */,
			);
			defaultConfigurationIsVisible = 0;
			defaultConfigurationName = Release;
		};
/* End XCConfigurationList section */

/* Begin XCVersionGroup section */
		040FDDD11D4E3824001B1B6C /* YIshangReBuilt.xcdatamodeld */ = {
			isa = XCVersionGroup;
			children = (
				040FDDD21D4E3824001B1B6C /* YIshangReBuilt.xcdatamodel */,
			);
			currentVersion = 040FDDD21D4E3824001B1B6C /* YIshangReBuilt.xcdatamodel */;
			path = YIshangReBuilt.xcdatamodeld;
			sourceTree = "<group>";
			versionGroupType = wrapper.xcdatamodel;
		};
/* End XCVersionGroup section */
	};
	rootObject = 040FDDBA1D4E3823001B1B6C /* Project object */;
}
